
Microsoft Visual Studio Solution File, Format Version 12.00
# Visual Studio Version 17
VisualStudioVersion = 17.7.34031.279
MinimumVisualStudioVersion = 10.0.40219.1
Project("{FAE04EC0-301F-11D3-BF4B-00C04F79EFBC}") = "Examen", "Examen.csproj", "{5756F481-AB0D-4CC1-8EF3-FA3A4FB53597}"
EndProject
Global
	GlobalSection(SolutionConfigurationPlatforms) = preSolution
		Debug|Any CPU = Debug|Any CPU
		Release|Any CPU = Release|Any CPU
	EndGlobalSection
	GlobalSection(ProjectConfigurationPlatforms) = postSolution
		{5756F481-AB0D-4CC1-8EF3-FA3A4FB53597}.Debug|Any CPU.ActiveCfg = Debug|Any CPU
		{5756F481-AB0D-4CC1-8EF3-FA3A4FB53597}.Debug|Any CPU.Build.0 = Debug|Any CPU
		{5756F481-AB0D-4CC1-8EF3-FA3A4FB53597}.Release|Any CPU.ActiveCfg = Release|Any CPU
		{5756F481-AB0D-4CC1-8EF3-FA3A4FB53597}.Release|Any CPU.Build.0 = Release|Any CPU
	EndGlobalSection
	GlobalSection(SolutionProperties) = preSolution
		HideSolutionNode = FALSE
	EndGlobalSection
	GlobalSection(ExtensibilityGlobals) = postSolution
		SolutionGuid = {6CF46FD8-FECD-4FF5-8D68-1CF3D1B15F50}
	EndGlobalSection
EndGlobal
